
Microsoft Visual Studio Solution File, Format Version 12.00
# Visual Studio 15
VisualStudioVersion = 15.0.28010.2016
MinimumVisualStudioVersion = 10.0.40219.1
Project("{FAE04EC0-301F-11D3-BF4B-00C04F79EFBC}") = "DemoSite.Headless", "DemoSite.Headless.csproj", "{7EDE4E26-F1D8-4D56-A526-A19539E4AE3D}"
EndProject
Global
	GlobalSection(SolutionConfigurationPlatforms) = preSolution
		Debug|Any CPU = Debug|Any CPU
		Release|Any CPU = Release|Any CPU
	EndGlobalSection
	GlobalSection(ProjectConfigurationPlatforms) = postSolution
		{7EDE4E26-F1D8-4D56-A526-A19539E4AE3D}.Debug|Any CPU.ActiveCfg = Debug|Any CPU
		{7EDE4E26-F1D8-4D56-A526-A19539E4AE3D}.Debug|Any CPU.Build.0 = Debug|Any CPU
		{7EDE4E26-F1D8-4D56-A526-A19539E4AE3D}.Release|Any CPU.ActiveCfg = Release|Any CPU
		{7EDE4E26-F1D8-4D56-A526-A19539E4AE3D}.Release|Any CPU.Build.0 = Release|Any CPU
	EndGlobalSection
	GlobalSection(SolutionProperties) = preSolution
		HideSolutionNode = FALSE
	EndGlobalSection
	GlobalSection(ExtensibilityGlobals) = postSolution
		SolutionGuid = {8623A2E4-E486-4124-B4C5-466B0473B20C}
	EndGlobalSection
EndGlobal
